
Microsoft Visual Studio Solution File, Format Version 12.00
# Blend for Visual Studio Version 17
VisualStudioVersion = 17.14.36408.4
MinimumVisualStudioVersion = 10.0.40219.1
Project("{FAE04EC0-301F-11D3-BF4B-00C04F79EFBC}") = "TCOFurnace", "TCOFurnace\TCOFurnace.csproj", "{5B0FBE86-FF33-411E-9FD4-714570A0D288}"
EndProject
Project("{FAE04EC0-301F-11D3-BF4B-00C04F79EFBC}") = "ModBusRTU", "ModBusRTU\ModBusRTU.csproj", "{1F67AEC1-121C-49FA-BACE-B3AC2B2C4B71}"
EndProject
Global
	GlobalSection(SolutionConfigurationPlatforms) = preSolution
		Debug|Any CPU = Debug|Any CPU
		Release|Any CPU = Release|Any CPU
	EndGlobalSection
	GlobalSection(ProjectConfigurationPlatforms) = postSolution
		{5B0FBE86-FF33-411E-9FD4-714570A0D288}.Debug|Any CPU.ActiveCfg = Debug|Any CPU
		{5B0FBE86-FF33-411E-9FD4-714570A0D288}.Debug|Any CPU.Build.0 = Debug|Any CPU
		{5B0FBE86-FF33-411E-9FD4-714570A0D288}.Release|Any CPU.ActiveCfg = Release|Any CPU
		{5B0FBE86-FF33-411E-9FD4-714570A0D288}.Release|Any CPU.Build.0 = Release|Any CPU
		{1F67AEC1-121C-49FA-BACE-B3AC2B2C4B71}.Debug|Any CPU.ActiveCfg = Debug|Any CPU
		{1F67AEC1-121C-49FA-BACE-B3AC2B2C4B71}.Debug|Any CPU.Build.0 = Debug|Any CPU
		{1F67AEC1-121C-49FA-BACE-B3AC2B2C4B71}.Release|Any CPU.ActiveCfg = Release|Any CPU
		{1F67AEC1-121C-49FA-BACE-B3AC2B2C4B71}.Release|Any CPU.Build.0 = Release|Any CPU
	EndGlobalSection
	GlobalSection(SolutionProperties) = preSolution
		HideSolutionNode = FALSE
	EndGlobalSection
	GlobalSection(ExtensibilityGlobals) = postSolution
		SolutionGuid = {A1061309-CA94-4B8A-A96B-B2A7888D6598}
	EndGlobalSection
EndGlobal
